{
  "name": "tinyfunc",
  "version": "1.0.0",
  "lockfileVersion": 1,
  "requires": true,
  "dependencies": {
    "@types/node": {
      "version": "13.13.41",
      "resolved": "https://registry.npmjs.org/@types/node/-/node-13.13.41.tgz",
      "integrity": "sha512-qLT9IvHiXJfdrje9VmsLzun7cQ65obsBTmtU3EOnCSLFOoSHx1hpiRHoBnpdbyFqnzqdUUIv81JcEJQCB8un9g=="
    }
  }
}
